
Microsoft Visual Studio Solution File, Format Version 12.00
# Visual Studio 14
VisualStudioVersion = 14.0.25420.1
MinimumVisualStudioVersion = 10.0.40219.1
Project("{FAE04EC0-301F-11D3-BF4B-00C04F79EFBC}") = "DebuggingExercises2", "DebuggingExercises2\DebuggingExercises2.csproj", "{2800FF7A-4684-4C14-BF27-8395E2AB5316}"
EndProject
Global
	GlobalSection(SolutionConfigurationPlatforms) = preSolution
		Debug|Any CPU = Debug|Any CPU
		Release|Any CPU = Release|Any CPU
	EndGlobalSection
	GlobalSection(ProjectConfigurationPlatforms) = postSolution
		{2800FF7A-4684-4C14-BF27-8395E2AB5316}.Debug|Any CPU.ActiveCfg = Debug|Any CPU
		{2800FF7A-4684-4C14-BF27-8395E2AB5316}.Debug|Any CPU.Build.0 = Debug|Any CPU
		{2800FF7A-4684-4C14-BF27-8395E2AB5316}.Release|Any CPU.ActiveCfg = Release|Any CPU
		{2800FF7A-4684-4C14-BF27-8395E2AB5316}.Release|Any CPU.Build.0 = Release|Any CPU
	EndGlobalSection
	GlobalSection(SolutionProperties) = preSolution
		HideSolutionNode = FALSE
	EndGlobalSection
EndGlobal
