
Microsoft Visual Studio Solution File, Format Version 12.00
# Visual Studio 15
VisualStudioVersion = 15.0.27130.2010
MinimumVisualStudioVersion = 10.0.40219.1
Project("{FAE04EC0-301F-11D3-BF4B-00C04F79EFBC}") = "MVCDbaseFirst4", "MVCDbaseFirst4\MVCDbaseFirst4.csproj", "{18FFE17C-7101-4E72-8303-8C5222990E6B}"
EndProject
Global
	GlobalSection(SolutionConfigurationPlatforms) = preSolution
		Debug|Any CPU = Debug|Any CPU
		Release|Any CPU = Release|Any CPU
	EndGlobalSection
	GlobalSection(ProjectConfigurationPlatforms) = postSolution
		{18FFE17C-7101-4E72-8303-8C5222990E6B}.Debug|Any CPU.ActiveCfg = Debug|Any CPU
		{18FFE17C-7101-4E72-8303-8C5222990E6B}.Debug|Any CPU.Build.0 = Debug|Any CPU
		{18FFE17C-7101-4E72-8303-8C5222990E6B}.Release|Any CPU.ActiveCfg = Release|Any CPU
		{18FFE17C-7101-4E72-8303-8C5222990E6B}.Release|Any CPU.Build.0 = Release|Any CPU
	EndGlobalSection
	GlobalSection(SolutionProperties) = preSolution
		HideSolutionNode = FALSE
	EndGlobalSection
	GlobalSection(ExtensibilityGlobals) = postSolution
		SolutionGuid = {2A4950B2-5D93-423F-8464-FD59A665D917}
	EndGlobalSection
EndGlobal
