
Microsoft Visual Studio Solution File, Format Version 12.00
# Visual Studio 15
VisualStudioVersion = 15.0.27130.2010
MinimumVisualStudioVersion = 10.0.40219.1
Project("{FAE04EC0-301F-11D3-BF4B-00C04F79EFBC}") = "MVCCodeFirst3", "MVCCodeFirst3\MVCCodeFirst3.csproj", "{936739A2-1DB0-48B6-B1E9-C5F33C722A80}"
EndProject
Global
	GlobalSection(SolutionConfigurationPlatforms) = preSolution
		Debug|Any CPU = Debug|Any CPU
		Release|Any CPU = Release|Any CPU
	EndGlobalSection
	GlobalSection(ProjectConfigurationPlatforms) = postSolution
		{936739A2-1DB0-48B6-B1E9-C5F33C722A80}.Debug|Any CPU.ActiveCfg = Debug|Any CPU
		{936739A2-1DB0-48B6-B1E9-C5F33C722A80}.Debug|Any CPU.Build.0 = Debug|Any CPU
		{936739A2-1DB0-48B6-B1E9-C5F33C722A80}.Release|Any CPU.ActiveCfg = Release|Any CPU
		{936739A2-1DB0-48B6-B1E9-C5F33C722A80}.Release|Any CPU.Build.0 = Release|Any CPU
	EndGlobalSection
	GlobalSection(SolutionProperties) = preSolution
		HideSolutionNode = FALSE
	EndGlobalSection
	GlobalSection(ExtensibilityGlobals) = postSolution
		SolutionGuid = {40CE30BB-E767-456B-A685-B74B4388A8F8}
	EndGlobalSection
EndGlobal
