
Microsoft Visual Studio Solution File, Format Version 12.00
# Visual Studio 14
VisualStudioVersion = 14.0.25420.1
MinimumVisualStudioVersion = 10.0.40219.1
Project("{FAE04EC0-301F-11D3-BF4B-00C04F79EFBC}") = "IfElsePracticeNumbers3", "IfElsePracticeNumbers3\IfElsePracticeNumbers3.csproj", "{F78CC68E-CBCD-4B38-ABE8-BF569F49CCFA}"
EndProject
Global
	GlobalSection(SolutionConfigurationPlatforms) = preSolution
		Debug|Any CPU = Debug|Any CPU
		Release|Any CPU = Release|Any CPU
	EndGlobalSection
	GlobalSection(ProjectConfigurationPlatforms) = postSolution
		{F78CC68E-CBCD-4B38-ABE8-BF569F49CCFA}.Debug|Any CPU.ActiveCfg = Debug|Any CPU
		{F78CC68E-CBCD-4B38-ABE8-BF569F49CCFA}.Debug|Any CPU.Build.0 = Debug|Any CPU
		{F78CC68E-CBCD-4B38-ABE8-BF569F49CCFA}.Release|Any CPU.ActiveCfg = Release|Any CPU
		{F78CC68E-CBCD-4B38-ABE8-BF569F49CCFA}.Release|Any CPU.Build.0 = Release|Any CPU
	EndGlobalSection
	GlobalSection(SolutionProperties) = preSolution
		HideSolutionNode = FALSE
	EndGlobalSection
EndGlobal
