
Microsoft Visual Studio Solution File, Format Version 12.00
# Visual Studio 15
VisualStudioVersion = 15.0.27130.2010
MinimumVisualStudioVersion = 10.0.40219.1
Project("{FAE04EC0-301F-11D3-BF4B-00C04F79EFBC}") = "InterfacePrac2", "InterfacePrac2\InterfacePrac2.csproj", "{08397CE0-D35E-47F4-9554-939F66BED65E}"
EndProject
Global
	GlobalSection(SolutionConfigurationPlatforms) = preSolution
		Debug|Any CPU = Debug|Any CPU
		Release|Any CPU = Release|Any CPU
	EndGlobalSection
	GlobalSection(ProjectConfigurationPlatforms) = postSolution
		{08397CE0-D35E-47F4-9554-939F66BED65E}.Debug|Any CPU.ActiveCfg = Debug|Any CPU
		{08397CE0-D35E-47F4-9554-939F66BED65E}.Debug|Any CPU.Build.0 = Debug|Any CPU
		{08397CE0-D35E-47F4-9554-939F66BED65E}.Release|Any CPU.ActiveCfg = Release|Any CPU
		{08397CE0-D35E-47F4-9554-939F66BED65E}.Release|Any CPU.Build.0 = Release|Any CPU
	EndGlobalSection
	GlobalSection(SolutionProperties) = preSolution
		HideSolutionNode = FALSE
	EndGlobalSection
	GlobalSection(ExtensibilityGlobals) = postSolution
		SolutionGuid = {3F758285-AD5E-43E9-8183-DF103DE2C93F}
	EndGlobalSection
EndGlobal
