
Microsoft Visual Studio Solution File, Format Version 12.00
# Visual Studio 14
VisualStudioVersion = 14.0.25420.1
MinimumVisualStudioVersion = 10.0.40219.1
Project("{FAE04EC0-301F-11D3-BF4B-00C04F79EFBC}") = "MVCCodeFirstDbase1", "MVCCodeFirstDbase1\MVCCodeFirstDbase1.csproj", "{612642DA-B33D-4899-B54A-C8D526F5170C}"
EndProject
Global
	GlobalSection(SolutionConfigurationPlatforms) = preSolution
		Debug|Any CPU = Debug|Any CPU
		Release|Any CPU = Release|Any CPU
	EndGlobalSection
	GlobalSection(ProjectConfigurationPlatforms) = postSolution
		{612642DA-B33D-4899-B54A-C8D526F5170C}.Debug|Any CPU.ActiveCfg = Debug|Any CPU
		{612642DA-B33D-4899-B54A-C8D526F5170C}.Debug|Any CPU.Build.0 = Debug|Any CPU
		{612642DA-B33D-4899-B54A-C8D526F5170C}.Release|Any CPU.ActiveCfg = Release|Any CPU
		{612642DA-B33D-4899-B54A-C8D526F5170C}.Release|Any CPU.Build.0 = Release|Any CPU
	EndGlobalSection
	GlobalSection(SolutionProperties) = preSolution
		HideSolutionNode = FALSE
	EndGlobalSection
EndGlobal
